
Microsoft Visual Studio Solution File, Format Version 12.00
# Visual Studio Version 16
VisualStudioVersion = 16.0.32228.343
MinimumVisualStudioVersion = 10.0.40219.1
Project("{FAE04EC0-301F-11D3-BF4B-00C04F79EFBC}") = "FileUploadWebApi2", "FileUploadWebApi2.csproj", "{A943B78F-FC36-4527-BFD0-66463D08658F}"
EndProject
Global
	GlobalSection(SolutionConfigurationPlatforms) = preSolution
		Debug|Any CPU = Debug|Any CPU
		Release|Any CPU = Release|Any CPU
	EndGlobalSection
	GlobalSection(ProjectConfigurationPlatforms) = postSolution
		{A943B78F-FC36-4527-BFD0-66463D08658F}.Debug|Any CPU.ActiveCfg = Debug|Any CPU
		{A943B78F-FC36-4527-BFD0-66463D08658F}.Debug|Any CPU.Build.0 = Debug|Any CPU
		{A943B78F-FC36-4527-BFD0-66463D08658F}.Release|Any CPU.ActiveCfg = Release|Any CPU
		{A943B78F-FC36-4527-BFD0-66463D08658F}.Release|Any CPU.Build.0 = Release|Any CPU
	EndGlobalSection
	GlobalSection(SolutionProperties) = preSolution
		HideSolutionNode = FALSE
	EndGlobalSection
	GlobalSection(ExtensibilityGlobals) = postSolution
		SolutionGuid = {5909E12F-E837-4C65-864B-C1808C7FD18C}
	EndGlobalSection
EndGlobal
